
Microsoft Visual Studio Solution File, Format Version 12.00
# Visual Studio Version 17
VisualStudioVersion = 17.7.34031.279
MinimumVisualStudioVersion = 10.0.40219.1
Project("{9A19103F-16F7-4668-BE54-9A1E7A4F7556}") = "Goke.Core", "cs\Goke.Core\Goke.Core.csproj", "{80E4616B-F2CE-4599-8D96-2F0F61A47DD7}"
EndProject
Project("{9A19103F-16F7-4668-BE54-9A1E7A4F7556}") = "Goke.FakeGen", "cs\Goke.FakeGen\Goke.FakeGen.csproj", "{E2183BDE-2640-4672-A7BE-EC55436511F2}"
EndProject
Project("{2150E333-8FDC-42A3-9474-1A3956D46DE8}") = "CS", "CS", "{54F6925A-76CC-4986-8319-13E8C123F32A}"
EndProject
Project("{FAE04EC0-301F-11D3-BF4B-00C04F79EFBC}") = "ConsoleApp", "cs\ConsoleApp\ConsoleApp.csproj", "{2DB86301-9C52-4638-A9E4-FF864CFBD022}"
EndProject
Project("{FAE04EC0-301F-11D3-BF4B-00C04F79EFBC}") = "Goke.Core.Tests", "cs\Goke.Core.Tests\Goke.Core.Tests.csproj", "{22E3C11E-760B-46AC-8AAE-10D77A87D983}"
EndProject
Global
	GlobalSection(SolutionConfigurationPlatforms) = preSolution
		Debug|Any CPU = Debug|Any CPU
		Release|Any CPU = Release|Any CPU
	EndGlobalSection
	GlobalSection(ProjectConfigurationPlatforms) = postSolution
		{80E4616B-F2CE-4599-8D96-2F0F61A47DD7}.Debug|Any CPU.ActiveCfg = Debug|Any CPU
		{80E4616B-F2CE-4599-8D96-2F0F61A47DD7}.Debug|Any CPU.Build.0 = Debug|Any CPU
		{80E4616B-F2CE-4599-8D96-2F0F61A47DD7}.Release|Any CPU.ActiveCfg = Release|Any CPU
		{80E4616B-F2CE-4599-8D96-2F0F61A47DD7}.Release|Any CPU.Build.0 = Release|Any CPU
		{E2183BDE-2640-4672-A7BE-EC55436511F2}.Debug|Any CPU.ActiveCfg = Debug|Any CPU
		{E2183BDE-2640-4672-A7BE-EC55436511F2}.Debug|Any CPU.Build.0 = Debug|Any CPU
		{E2183BDE-2640-4672-A7BE-EC55436511F2}.Release|Any CPU.ActiveCfg = Release|Any CPU
		{E2183BDE-2640-4672-A7BE-EC55436511F2}.Release|Any CPU.Build.0 = Release|Any CPU
		{2DB86301-9C52-4638-A9E4-FF864CFBD022}.Debug|Any CPU.ActiveCfg = Debug|Any CPU
		{2DB86301-9C52-4638-A9E4-FF864CFBD022}.Debug|Any CPU.Build.0 = Debug|Any CPU
		{2DB86301-9C52-4638-A9E4-FF864CFBD022}.Release|Any CPU.ActiveCfg = Release|Any CPU
		{2DB86301-9C52-4638-A9E4-FF864CFBD022}.Release|Any CPU.Build.0 = Release|Any CPU
		{22E3C11E-760B-46AC-8AAE-10D77A87D983}.Debug|Any CPU.ActiveCfg = Debug|Any CPU
		{22E3C11E-760B-46AC-8AAE-10D77A87D983}.Debug|Any CPU.Build.0 = Debug|Any CPU
		{22E3C11E-760B-46AC-8AAE-10D77A87D983}.Release|Any CPU.ActiveCfg = Release|Any CPU
		{22E3C11E-760B-46AC-8AAE-10D77A87D983}.Release|Any CPU.Build.0 = Release|Any CPU
	EndGlobalSection
	GlobalSection(SolutionProperties) = preSolution
		HideSolutionNode = FALSE
	EndGlobalSection
	GlobalSection(NestedProjects) = preSolution
		{80E4616B-F2CE-4599-8D96-2F0F61A47DD7} = {54F6925A-76CC-4986-8319-13E8C123F32A}
		{E2183BDE-2640-4672-A7BE-EC55436511F2} = {54F6925A-76CC-4986-8319-13E8C123F32A}
		{2DB86301-9C52-4638-A9E4-FF864CFBD022} = {54F6925A-76CC-4986-8319-13E8C123F32A}
	EndGlobalSection
	GlobalSection(ExtensibilityGlobals) = postSolution
		SolutionGuid = {91A7473D-F94E-4E36-BD80-F1A929B3B168}
	EndGlobalSection
EndGlobal
