
Microsoft Visual Studio Solution File, Format Version 12.00
# Visual Studio Version 17
VisualStudioVersion = 17.7.34031.279
MinimumVisualStudioVersion = 10.0.40219.1
Project("{9A19103F-16F7-4668-BE54-9A1E7A4F7556}") = "Goke.Core", "cs\Goke.Core\Goke.Core.csproj", "{80E4616B-F2CE-4599-8D96-2F0F61A47DD7}"
EndProject
Project("{9A19103F-16F7-4668-BE54-9A1E7A4F7556}") = "Goke.FakeGen", "cs\Goke.FakeGen\Goke.FakeGen.csproj", "{E2183BDE-2640-4672-A7BE-EC55436511F2}"
EndProject
Project("{2150E333-8FDC-42A3-9474-1A3956D46DE8}") = "CS", "CS", "{54F6925A-76CC-4986-8319-13E8C123F32A}"
EndProject
Project("{9A19103F-16F7-4668-BE54-9A1E7A4F7556}") = "ConsoleApp", "cs\ConsoleApp\ConsoleApp.csproj", "{2DB86301-9C52-4638-A9E4-FF864CFBD022}"
EndProject
Project("{9A19103F-16F7-4668-BE54-9A1E7A4F7556}") = "Goke.Core.Tests", "cs\Goke.Core.Tests\Goke.Core.Tests.csproj", "{6E050C3C-8207-4E10-9FCB-A4DB2662FFB5}"
EndProject
Project("{2150E333-8FDC-42A3-9474-1A3956D46DE8}") = "Web", "Web", "{A2FD81CC-4AD4-4D01-8CCF-7B7CE67F278A}"
EndProject
Project("{9A19103F-16F7-4668-BE54-9A1E7A4F7556}") = "Goke.Web.UI", "web\Goke.Web.UI\Goke.Web.UI.csproj", "{9BB788CF-5E1C-4C91-B644-8FA61D96C91C}"
EndProject
Project("{9A19103F-16F7-4668-BE54-9A1E7A4F7556}") = "Goke.Bible.Entities", "..\GokeApps\Goke.Bible.Entities\Goke.Bible.Entities.csproj", "{5EF1CCD0-6A2A-4964-875E-4A621F982869}"
EndProject
Project("{9A19103F-16F7-4668-BE54-9A1E7A4F7556}") = "Goke.Web.Shared", "..\GokeApps\Goke.Web.Shared\Goke.Web.Shared.csproj", "{1BCBE3CB-DD52-47F2-91FF-47D2B4453F40}"
EndProject
Project("{9A19103F-16F7-4668-BE54-9A1E7A4F7556}") = "Goke.Biomass", "..\GokeApps\Goke.Biomass\Goke.Biomass.csproj", "{9937FAD4-6A35-492F-90E4-2B737F4CD996}"
EndProject
Project("{9A19103F-16F7-4668-BE54-9A1E7A4F7556}") = "Goke.Calculator", "..\GokeApps\Goke.Calculator\Goke.Calculator.csproj", "{3E9610AB-028C-4D1F-93AC-E6747C6DB55D}"
EndProject
Project("{9A19103F-16F7-4668-BE54-9A1E7A4F7556}") = "Goke.Razor.Components", "..\GokeApps\Goke.Razor.Components\Goke.Razor.Components.csproj", "{42CD41D8-D7A4-47D9-9F03-5CF8E1C9CED2}"
EndProject
Project("{2150E333-8FDC-42A3-9474-1A3956D46DE8}") = "Lib", "Lib", "{DD268EE5-1010-4CFD-8C75-73F3263C8A3E}"
EndProject
Project("{9A19103F-16F7-4668-BE54-9A1E7A4F7556}") = "Goke.Core.Entities", "..\GokeApps\Goke.Core.Entities\Goke.Core.Entities.csproj", "{A00A0640-DF59-489A-AA74-1826AA9829E0}"
EndProject
Project("{9A19103F-16F7-4668-BE54-9A1E7A4F7556}") = "Goke.Maths", "..\GokeApps\Goke.Maths\Goke.Maths.csproj", "{802C0C3E-7C17-4C62-A170-E5F0E0D50F9B}"
EndProject
Project("{9A19103F-16F7-4668-BE54-9A1E7A4F7556}") = "Goke.Maths.Tests", "..\GokeApps\Goke.Maths.Tests\Goke.Maths.Tests.csproj", "{0930352D-1B8C-4156-8402-C06C21F50061}"
EndProject
Project("{9A19103F-16F7-4668-BE54-9A1E7A4F7556}") = "Goke.Web.Data", "web\Goke.Web.Data\Goke.Web.Data.csproj", "{AD3BF19B-777E-437C-B21B-E7BDD9026C46}"
EndProject
Project("{9A19103F-16F7-4668-BE54-9A1E7A4F7556}") = "Goke.Web.Data.MSSQLMigrations", "web\Goke.Web.Data.MSSQLMigrations\Goke.Web.Data.MSSQLMigrations.csproj", "{50866A40-DEC5-4DBF-BDEB-420A12BA087D}"
EndProject
Project("{9A19103F-16F7-4668-BE54-9A1E7A4F7556}") = "Goke.Web.Data.MySQLMigrations", "web\Goke.Web.Data.MySQLMigrations\Goke.Web.Data.MySQLMigrations.csproj", "{B91E0B66-C94F-4D78-A3F8-514F009EA14D}"
EndProject
Project("{9A19103F-16F7-4668-BE54-9A1E7A4F7556}") = "Goke.AspNetCore.Identity", "web\Goke.AspNetCore.Identity\Goke.AspNetCore.Identity.csproj", "{A5B801B6-0844-4ED4-84C8-D41518D917F0}"
EndProject
Project("{9A19103F-16F7-4668-BE54-9A1E7A4F7556}") = "Goke.Web.Server.UI", "web\Goke.Web.Server.UI\Goke.Web.Server.UI.csproj", "{5250C9F8-2825-4CA2-B960-2F5C477C4217}"
EndProject
Project("{2150E333-8FDC-42A3-9474-1A3956D46DE8}") = "SPA", "SPA", "{6CF5E823-4D74-4E66-9004-1E759C5D4B65}"
EndProject
Project("{9A19103F-16F7-4668-BE54-9A1E7A4F7556}") = "Goke.Web.SPA.Client", "web\Goke.Web.SPA.Client\Goke.Web.SPA.Client.csproj", "{94B8AC1B-719D-4175-A197-4F8C21DB505F}"
EndProject
Project("{9A19103F-16F7-4668-BE54-9A1E7A4F7556}") = "Goke.Web.SPA.ServerAPI", "web\Goke.Web.SPA.ServerAPI\Goke.Web.SPA.ServerAPI.csproj", "{8800413F-A475-4094-942A-1599C6BA88A4}"
EndProject
Project("{9A19103F-16F7-4668-BE54-9A1E7A4F7556}") = "Goke.Web.BWAApp", "web\Goke.Web.BWAApp\Goke.Web.BWAApp\Goke.Web.BWAApp.csproj", "{DBD3194E-61F3-4981-B7A3-DA7E4E228486}"
EndProject
Project("{9A19103F-16F7-4668-BE54-9A1E7A4F7556}") = "Goke.Web.BWAApp.Client", "web\Goke.Web.BWAApp\Goke.Web.BWAApp.Client\Goke.Web.BWAApp.Client.csproj", "{39B81382-C6F3-4AB1-B024-887E2E104206}"
EndProject
Project("{2150E333-8FDC-42A3-9474-1A3956D46DE8}") = "BWA", "BWA", "{4D280EC7-DCB1-4360-9229-E7CD3347CA7A}"
EndProject
Project("{2150E333-8FDC-42A3-9474-1A3956D46DE8}") = "Web", "Web", "{1F4F22EA-7848-4860-A829-4E227F530CF7}"
EndProject
Project("{9A19103F-16F7-4668-BE54-9A1E7A4F7556}") = "Goke.Web.Temporary", "web\Goke.Web.Temporary\Goke.Web.Temporary\Goke.Web.Temporary.csproj", "{1C378FA5-FF78-412E-892B-59A13DA869D8}"
EndProject
Project("{9A19103F-16F7-4668-BE54-9A1E7A4F7556}") = "Goke.Web.Temporary.Client", "web\Goke.Web.Temporary\Goke.Web.Temporary.Client\Goke.Web.Temporary.Client.csproj", "{5D220B24-9F34-4CBC-8B02-933BEB887BF3}"
EndProject
Project("{2150E333-8FDC-42A3-9474-1A3956D46DE8}") = "App", "App", "{28F5DD33-AD94-4BCE-A306-8C3D52B6D446}"
EndProject
Project("{FAE04EC0-301F-11D3-BF4B-00C04F79EFBC}") = "GokeApp", "app\GokeApp\GokeApp\GokeApp.csproj", "{7257DAA4-FEEB-4D8F-B0C4-E42232D998D2}"
EndProject
Project("{FAE04EC0-301F-11D3-BF4B-00C04F79EFBC}") = "GokeApp.Shared", "app\GokeApp\GokeApp.Shared\GokeApp.Shared.csproj", "{9783B4D5-EB51-473B-B004-B09B89E635F1}"
EndProject
Project("{FAE04EC0-301F-11D3-BF4B-00C04F79EFBC}") = "GokeApp.Web", "app\GokeApp\GokeApp.Web\GokeApp.Web.csproj", "{33D762DB-0371-4C2A-A36B-01AE67FE06A5}"
EndProject
Project("{FAE04EC0-301F-11D3-BF4B-00C04F79EFBC}") = "GokeApp.Web.Client", "app\GokeApp\GokeApp.Web.Client\GokeApp.Web.Client.csproj", "{A6AEEC89-6219-4EFE-A9A9-F6517A522609}"
EndProject
Project("{FAE04EC0-301F-11D3-BF4B-00C04F79EFBC}") = "MauiApp1", "MauiApp1\MauiApp1.csproj", "{12D2D379-1C53-4883-BBD3-7A201457B323}"
EndProject
Global
	GlobalSection(SolutionConfigurationPlatforms) = preSolution
		Debug|Any CPU = Debug|Any CPU
		Release|Any CPU = Release|Any CPU
	EndGlobalSection
	GlobalSection(ProjectConfigurationPlatforms) = postSolution
		{80E4616B-F2CE-4599-8D96-2F0F61A47DD7}.Debug|Any CPU.ActiveCfg = Debug|Any CPU
		{80E4616B-F2CE-4599-8D96-2F0F61A47DD7}.Debug|Any CPU.Build.0 = Debug|Any CPU
		{80E4616B-F2CE-4599-8D96-2F0F61A47DD7}.Release|Any CPU.ActiveCfg = Release|Any CPU
		{80E4616B-F2CE-4599-8D96-2F0F61A47DD7}.Release|Any CPU.Build.0 = Release|Any CPU
		{E2183BDE-2640-4672-A7BE-EC55436511F2}.Debug|Any CPU.ActiveCfg = Debug|Any CPU
		{E2183BDE-2640-4672-A7BE-EC55436511F2}.Debug|Any CPU.Build.0 = Debug|Any CPU
		{E2183BDE-2640-4672-A7BE-EC55436511F2}.Release|Any CPU.ActiveCfg = Release|Any CPU
		{E2183BDE-2640-4672-A7BE-EC55436511F2}.Release|Any CPU.Build.0 = Release|Any CPU
		{2DB86301-9C52-4638-A9E4-FF864CFBD022}.Debug|Any CPU.ActiveCfg = Debug|Any CPU
		{2DB86301-9C52-4638-A9E4-FF864CFBD022}.Debug|Any CPU.Build.0 = Debug|Any CPU
		{2DB86301-9C52-4638-A9E4-FF864CFBD022}.Release|Any CPU.ActiveCfg = Release|Any CPU
		{2DB86301-9C52-4638-A9E4-FF864CFBD022}.Release|Any CPU.Build.0 = Release|Any CPU
		{6E050C3C-8207-4E10-9FCB-A4DB2662FFB5}.Debug|Any CPU.ActiveCfg = Debug|Any CPU
		{6E050C3C-8207-4E10-9FCB-A4DB2662FFB5}.Debug|Any CPU.Build.0 = Debug|Any CPU
		{6E050C3C-8207-4E10-9FCB-A4DB2662FFB5}.Release|Any CPU.ActiveCfg = Release|Any CPU
		{6E050C3C-8207-4E10-9FCB-A4DB2662FFB5}.Release|Any CPU.Build.0 = Release|Any CPU
		{9BB788CF-5E1C-4C91-B644-8FA61D96C91C}.Debug|Any CPU.ActiveCfg = Debug|Any CPU
		{9BB788CF-5E1C-4C91-B644-8FA61D96C91C}.Debug|Any CPU.Build.0 = Debug|Any CPU
		{9BB788CF-5E1C-4C91-B644-8FA61D96C91C}.Release|Any CPU.ActiveCfg = Release|Any CPU
		{9BB788CF-5E1C-4C91-B644-8FA61D96C91C}.Release|Any CPU.Build.0 = Release|Any CPU
		{5EF1CCD0-6A2A-4964-875E-4A621F982869}.Debug|Any CPU.ActiveCfg = Debug|Any CPU
		{5EF1CCD0-6A2A-4964-875E-4A621F982869}.Debug|Any CPU.Build.0 = Debug|Any CPU
		{5EF1CCD0-6A2A-4964-875E-4A621F982869}.Release|Any CPU.ActiveCfg = Release|Any CPU
		{5EF1CCD0-6A2A-4964-875E-4A621F982869}.Release|Any CPU.Build.0 = Release|Any CPU
		{1BCBE3CB-DD52-47F2-91FF-47D2B4453F40}.Debug|Any CPU.ActiveCfg = Debug|Any CPU
		{1BCBE3CB-DD52-47F2-91FF-47D2B4453F40}.Debug|Any CPU.Build.0 = Debug|Any CPU
		{1BCBE3CB-DD52-47F2-91FF-47D2B4453F40}.Release|Any CPU.ActiveCfg = Release|Any CPU
		{1BCBE3CB-DD52-47F2-91FF-47D2B4453F40}.Release|Any CPU.Build.0 = Release|Any CPU
		{9937FAD4-6A35-492F-90E4-2B737F4CD996}.Debug|Any CPU.ActiveCfg = Debug|Any CPU
		{9937FAD4-6A35-492F-90E4-2B737F4CD996}.Debug|Any CPU.Build.0 = Debug|Any CPU
		{9937FAD4-6A35-492F-90E4-2B737F4CD996}.Release|Any CPU.ActiveCfg = Release|Any CPU
		{9937FAD4-6A35-492F-90E4-2B737F4CD996}.Release|Any CPU.Build.0 = Release|Any CPU
		{3E9610AB-028C-4D1F-93AC-E6747C6DB55D}.Debug|Any CPU.ActiveCfg = Debug|Any CPU
		{3E9610AB-028C-4D1F-93AC-E6747C6DB55D}.Debug|Any CPU.Build.0 = Debug|Any CPU
		{3E9610AB-028C-4D1F-93AC-E6747C6DB55D}.Release|Any CPU.ActiveCfg = Release|Any CPU
		{3E9610AB-028C-4D1F-93AC-E6747C6DB55D}.Release|Any CPU.Build.0 = Release|Any CPU
		{42CD41D8-D7A4-47D9-9F03-5CF8E1C9CED2}.Debug|Any CPU.ActiveCfg = Debug|Any CPU
		{42CD41D8-D7A4-47D9-9F03-5CF8E1C9CED2}.Debug|Any CPU.Build.0 = Debug|Any CPU
		{42CD41D8-D7A4-47D9-9F03-5CF8E1C9CED2}.Release|Any CPU.ActiveCfg = Release|Any CPU
		{42CD41D8-D7A4-47D9-9F03-5CF8E1C9CED2}.Release|Any CPU.Build.0 = Release|Any CPU
		{A00A0640-DF59-489A-AA74-1826AA9829E0}.Debug|Any CPU.ActiveCfg = Debug|Any CPU
		{A00A0640-DF59-489A-AA74-1826AA9829E0}.Debug|Any CPU.Build.0 = Debug|Any CPU
		{A00A0640-DF59-489A-AA74-1826AA9829E0}.Release|Any CPU.ActiveCfg = Release|Any CPU
		{A00A0640-DF59-489A-AA74-1826AA9829E0}.Release|Any CPU.Build.0 = Release|Any CPU
		{802C0C3E-7C17-4C62-A170-E5F0E0D50F9B}.Debug|Any CPU.ActiveCfg = Debug|Any CPU
		{802C0C3E-7C17-4C62-A170-E5F0E0D50F9B}.Debug|Any CPU.Build.0 = Debug|Any CPU
		{802C0C3E-7C17-4C62-A170-E5F0E0D50F9B}.Release|Any CPU.ActiveCfg = Release|Any CPU
		{802C0C3E-7C17-4C62-A170-E5F0E0D50F9B}.Release|Any CPU.Build.0 = Release|Any CPU
		{0930352D-1B8C-4156-8402-C06C21F50061}.Debug|Any CPU.ActiveCfg = Debug|Any CPU
		{0930352D-1B8C-4156-8402-C06C21F50061}.Debug|Any CPU.Build.0 = Debug|Any CPU
		{0930352D-1B8C-4156-8402-C06C21F50061}.Release|Any CPU.ActiveCfg = Release|Any CPU
		{0930352D-1B8C-4156-8402-C06C21F50061}.Release|Any CPU.Build.0 = Release|Any CPU
		{AD3BF19B-777E-437C-B21B-E7BDD9026C46}.Debug|Any CPU.ActiveCfg = Debug|Any CPU
		{AD3BF19B-777E-437C-B21B-E7BDD9026C46}.Debug|Any CPU.Build.0 = Debug|Any CPU
		{AD3BF19B-777E-437C-B21B-E7BDD9026C46}.Release|Any CPU.ActiveCfg = Release|Any CPU
		{AD3BF19B-777E-437C-B21B-E7BDD9026C46}.Release|Any CPU.Build.0 = Release|Any CPU
		{50866A40-DEC5-4DBF-BDEB-420A12BA087D}.Debug|Any CPU.ActiveCfg = Debug|Any CPU
		{50866A40-DEC5-4DBF-BDEB-420A12BA087D}.Debug|Any CPU.Build.0 = Debug|Any CPU
		{50866A40-DEC5-4DBF-BDEB-420A12BA087D}.Release|Any CPU.ActiveCfg = Release|Any CPU
		{50866A40-DEC5-4DBF-BDEB-420A12BA087D}.Release|Any CPU.Build.0 = Release|Any CPU
		{B91E0B66-C94F-4D78-A3F8-514F009EA14D}.Debug|Any CPU.ActiveCfg = Debug|Any CPU
		{B91E0B66-C94F-4D78-A3F8-514F009EA14D}.Debug|Any CPU.Build.0 = Debug|Any CPU
		{B91E0B66-C94F-4D78-A3F8-514F009EA14D}.Release|Any CPU.ActiveCfg = Release|Any CPU
		{B91E0B66-C94F-4D78-A3F8-514F009EA14D}.Release|Any CPU.Build.0 = Release|Any CPU
		{A5B801B6-0844-4ED4-84C8-D41518D917F0}.Debug|Any CPU.ActiveCfg = Debug|Any CPU
		{A5B801B6-0844-4ED4-84C8-D41518D917F0}.Debug|Any CPU.Build.0 = Debug|Any CPU
		{A5B801B6-0844-4ED4-84C8-D41518D917F0}.Release|Any CPU.ActiveCfg = Release|Any CPU
		{A5B801B6-0844-4ED4-84C8-D41518D917F0}.Release|Any CPU.Build.0 = Release|Any CPU
		{5250C9F8-2825-4CA2-B960-2F5C477C4217}.Debug|Any CPU.ActiveCfg = Debug|Any CPU
		{5250C9F8-2825-4CA2-B960-2F5C477C4217}.Debug|Any CPU.Build.0 = Debug|Any CPU
		{5250C9F8-2825-4CA2-B960-2F5C477C4217}.Release|Any CPU.ActiveCfg = Release|Any CPU
		{5250C9F8-2825-4CA2-B960-2F5C477C4217}.Release|Any CPU.Build.0 = Release|Any CPU
		{94B8AC1B-719D-4175-A197-4F8C21DB505F}.Debug|Any CPU.ActiveCfg = Debug|Any CPU
		{94B8AC1B-719D-4175-A197-4F8C21DB505F}.Debug|Any CPU.Build.0 = Debug|Any CPU
		{94B8AC1B-719D-4175-A197-4F8C21DB505F}.Release|Any CPU.ActiveCfg = Release|Any CPU
		{94B8AC1B-719D-4175-A197-4F8C21DB505F}.Release|Any CPU.Build.0 = Release|Any CPU
		{8800413F-A475-4094-942A-1599C6BA88A4}.Debug|Any CPU.ActiveCfg = Debug|Any CPU
		{8800413F-A475-4094-942A-1599C6BA88A4}.Debug|Any CPU.Build.0 = Debug|Any CPU
		{8800413F-A475-4094-942A-1599C6BA88A4}.Release|Any CPU.ActiveCfg = Release|Any CPU
		{8800413F-A475-4094-942A-1599C6BA88A4}.Release|Any CPU.Build.0 = Release|Any CPU
		{DBD3194E-61F3-4981-B7A3-DA7E4E228486}.Debug|Any CPU.ActiveCfg = Debug|Any CPU
		{DBD3194E-61F3-4981-B7A3-DA7E4E228486}.Debug|Any CPU.Build.0 = Debug|Any CPU
		{DBD3194E-61F3-4981-B7A3-DA7E4E228486}.Release|Any CPU.ActiveCfg = Release|Any CPU
		{DBD3194E-61F3-4981-B7A3-DA7E4E228486}.Release|Any CPU.Build.0 = Release|Any CPU
		{39B81382-C6F3-4AB1-B024-887E2E104206}.Debug|Any CPU.ActiveCfg = Debug|Any CPU
		{39B81382-C6F3-4AB1-B024-887E2E104206}.Debug|Any CPU.Build.0 = Debug|Any CPU
		{39B81382-C6F3-4AB1-B024-887E2E104206}.Release|Any CPU.ActiveCfg = Release|Any CPU
		{39B81382-C6F3-4AB1-B024-887E2E104206}.Release|Any CPU.Build.0 = Release|Any CPU
		{1C378FA5-FF78-412E-892B-59A13DA869D8}.Debug|Any CPU.ActiveCfg = Debug|Any CPU
		{1C378FA5-FF78-412E-892B-59A13DA869D8}.Debug|Any CPU.Build.0 = Debug|Any CPU
		{1C378FA5-FF78-412E-892B-59A13DA869D8}.Release|Any CPU.ActiveCfg = Release|Any CPU
		{1C378FA5-FF78-412E-892B-59A13DA869D8}.Release|Any CPU.Build.0 = Release|Any CPU
		{5D220B24-9F34-4CBC-8B02-933BEB887BF3}.Debug|Any CPU.ActiveCfg = Debug|Any CPU
		{5D220B24-9F34-4CBC-8B02-933BEB887BF3}.Debug|Any CPU.Build.0 = Debug|Any CPU
		{5D220B24-9F34-4CBC-8B02-933BEB887BF3}.Release|Any CPU.ActiveCfg = Release|Any CPU
		{5D220B24-9F34-4CBC-8B02-933BEB887BF3}.Release|Any CPU.Build.0 = Release|Any CPU
		{7257DAA4-FEEB-4D8F-B0C4-E42232D998D2}.Debug|Any CPU.ActiveCfg = Debug|Any CPU
		{7257DAA4-FEEB-4D8F-B0C4-E42232D998D2}.Debug|Any CPU.Build.0 = Debug|Any CPU
		{7257DAA4-FEEB-4D8F-B0C4-E42232D998D2}.Debug|Any CPU.Deploy.0 = Debug|Any CPU
		{7257DAA4-FEEB-4D8F-B0C4-E42232D998D2}.Release|Any CPU.ActiveCfg = Release|Any CPU
		{7257DAA4-FEEB-4D8F-B0C4-E42232D998D2}.Release|Any CPU.Build.0 = Release|Any CPU
		{9783B4D5-EB51-473B-B004-B09B89E635F1}.Debug|Any CPU.ActiveCfg = Debug|Any CPU
		{9783B4D5-EB51-473B-B004-B09B89E635F1}.Debug|Any CPU.Build.0 = Debug|Any CPU
		{9783B4D5-EB51-473B-B004-B09B89E635F1}.Release|Any CPU.ActiveCfg = Release|Any CPU
		{9783B4D5-EB51-473B-B004-B09B89E635F1}.Release|Any CPU.Build.0 = Release|Any CPU
		{33D762DB-0371-4C2A-A36B-01AE67FE06A5}.Debug|Any CPU.ActiveCfg = Debug|Any CPU
		{33D762DB-0371-4C2A-A36B-01AE67FE06A5}.Debug|Any CPU.Build.0 = Debug|Any CPU
		{33D762DB-0371-4C2A-A36B-01AE67FE06A5}.Release|Any CPU.ActiveCfg = Release|Any CPU
		{33D762DB-0371-4C2A-A36B-01AE67FE06A5}.Release|Any CPU.Build.0 = Release|Any CPU
		{A6AEEC89-6219-4EFE-A9A9-F6517A522609}.Debug|Any CPU.ActiveCfg = Debug|Any CPU
		{A6AEEC89-6219-4EFE-A9A9-F6517A522609}.Debug|Any CPU.Build.0 = Debug|Any CPU
		{A6AEEC89-6219-4EFE-A9A9-F6517A522609}.Release|Any CPU.ActiveCfg = Release|Any CPU
		{A6AEEC89-6219-4EFE-A9A9-F6517A522609}.Release|Any CPU.Build.0 = Release|Any CPU
		{12D2D379-1C53-4883-BBD3-7A201457B323}.Debug|Any CPU.ActiveCfg = Debug|Any CPU
		{12D2D379-1C53-4883-BBD3-7A201457B323}.Debug|Any CPU.Build.0 = Debug|Any CPU
		{12D2D379-1C53-4883-BBD3-7A201457B323}.Debug|Any CPU.Deploy.0 = Debug|Any CPU
		{12D2D379-1C53-4883-BBD3-7A201457B323}.Release|Any CPU.ActiveCfg = Release|Any CPU
		{12D2D379-1C53-4883-BBD3-7A201457B323}.Release|Any CPU.Build.0 = Release|Any CPU
	EndGlobalSection
	GlobalSection(SolutionProperties) = preSolution
		HideSolutionNode = FALSE
	EndGlobalSection
	GlobalSection(NestedProjects) = preSolution
		{80E4616B-F2CE-4599-8D96-2F0F61A47DD7} = {54F6925A-76CC-4986-8319-13E8C123F32A}
		{E2183BDE-2640-4672-A7BE-EC55436511F2} = {54F6925A-76CC-4986-8319-13E8C123F32A}
		{2DB86301-9C52-4638-A9E4-FF864CFBD022} = {54F6925A-76CC-4986-8319-13E8C123F32A}
		{6E050C3C-8207-4E10-9FCB-A4DB2662FFB5} = {54F6925A-76CC-4986-8319-13E8C123F32A}
		{9BB788CF-5E1C-4C91-B644-8FA61D96C91C} = {1F4F22EA-7848-4860-A829-4E227F530CF7}
		{5EF1CCD0-6A2A-4964-875E-4A621F982869} = {DD268EE5-1010-4CFD-8C75-73F3263C8A3E}
		{1BCBE3CB-DD52-47F2-91FF-47D2B4453F40} = {DD268EE5-1010-4CFD-8C75-73F3263C8A3E}
		{9937FAD4-6A35-492F-90E4-2B737F4CD996} = {DD268EE5-1010-4CFD-8C75-73F3263C8A3E}
		{3E9610AB-028C-4D1F-93AC-E6747C6DB55D} = {DD268EE5-1010-4CFD-8C75-73F3263C8A3E}
		{42CD41D8-D7A4-47D9-9F03-5CF8E1C9CED2} = {DD268EE5-1010-4CFD-8C75-73F3263C8A3E}
		{A00A0640-DF59-489A-AA74-1826AA9829E0} = {DD268EE5-1010-4CFD-8C75-73F3263C8A3E}
		{802C0C3E-7C17-4C62-A170-E5F0E0D50F9B} = {DD268EE5-1010-4CFD-8C75-73F3263C8A3E}
		{0930352D-1B8C-4156-8402-C06C21F50061} = {DD268EE5-1010-4CFD-8C75-73F3263C8A3E}
		{AD3BF19B-777E-437C-B21B-E7BDD9026C46} = {1F4F22EA-7848-4860-A829-4E227F530CF7}
		{50866A40-DEC5-4DBF-BDEB-420A12BA087D} = {1F4F22EA-7848-4860-A829-4E227F530CF7}
		{B91E0B66-C94F-4D78-A3F8-514F009EA14D} = {1F4F22EA-7848-4860-A829-4E227F530CF7}
		{A5B801B6-0844-4ED4-84C8-D41518D917F0} = {1F4F22EA-7848-4860-A829-4E227F530CF7}
		{5250C9F8-2825-4CA2-B960-2F5C477C4217} = {1F4F22EA-7848-4860-A829-4E227F530CF7}
		{6CF5E823-4D74-4E66-9004-1E759C5D4B65} = {A2FD81CC-4AD4-4D01-8CCF-7B7CE67F278A}
		{94B8AC1B-719D-4175-A197-4F8C21DB505F} = {6CF5E823-4D74-4E66-9004-1E759C5D4B65}
		{8800413F-A475-4094-942A-1599C6BA88A4} = {6CF5E823-4D74-4E66-9004-1E759C5D4B65}
		{DBD3194E-61F3-4981-B7A3-DA7E4E228486} = {4D280EC7-DCB1-4360-9229-E7CD3347CA7A}
		{39B81382-C6F3-4AB1-B024-887E2E104206} = {4D280EC7-DCB1-4360-9229-E7CD3347CA7A}
		{4D280EC7-DCB1-4360-9229-E7CD3347CA7A} = {A2FD81CC-4AD4-4D01-8CCF-7B7CE67F278A}
		{1F4F22EA-7848-4860-A829-4E227F530CF7} = {A2FD81CC-4AD4-4D01-8CCF-7B7CE67F278A}
		{1C378FA5-FF78-412E-892B-59A13DA869D8} = {1F4F22EA-7848-4860-A829-4E227F530CF7}
		{5D220B24-9F34-4CBC-8B02-933BEB887BF3} = {1F4F22EA-7848-4860-A829-4E227F530CF7}
		{28F5DD33-AD94-4BCE-A306-8C3D52B6D446} = {A2FD81CC-4AD4-4D01-8CCF-7B7CE67F278A}
		{7257DAA4-FEEB-4D8F-B0C4-E42232D998D2} = {28F5DD33-AD94-4BCE-A306-8C3D52B6D446}
		{9783B4D5-EB51-473B-B004-B09B89E635F1} = {28F5DD33-AD94-4BCE-A306-8C3D52B6D446}
		{33D762DB-0371-4C2A-A36B-01AE67FE06A5} = {28F5DD33-AD94-4BCE-A306-8C3D52B6D446}
		{A6AEEC89-6219-4EFE-A9A9-F6517A522609} = {28F5DD33-AD94-4BCE-A306-8C3D52B6D446}
		{12D2D379-1C53-4883-BBD3-7A201457B323} = {28F5DD33-AD94-4BCE-A306-8C3D52B6D446}
	EndGlobalSection
	GlobalSection(ExtensibilityGlobals) = postSolution
		SolutionGuid = {91A7473D-F94E-4E36-BD80-F1A929B3B168}
	EndGlobalSection
EndGlobal
