
Microsoft Visual Studio Solution File, Format Version 12.00
# Visual Studio Version 17
VisualStudioVersion = 17.7.34031.279
MinimumVisualStudioVersion = 10.0.40219.1
Project("{9A19103F-16F7-4668-BE54-9A1E7A4F7556}") = "Goke.Core", "cs\Goke.Core\Goke.Core.csproj", "{80E4616B-F2CE-4599-8D96-2F0F61A47DD7}"
EndProject
Project("{9A19103F-16F7-4668-BE54-9A1E7A4F7556}") = "Goke.FakeGen", "cs\Goke.FakeGen\Goke.FakeGen.csproj", "{E2183BDE-2640-4672-A7BE-EC55436511F2}"
EndProject
Project("{2150E333-8FDC-42A3-9474-1A3956D46DE8}") = "CS", "CS", "{54F6925A-76CC-4986-8319-13E8C123F32A}"
EndProject
Project("{9A19103F-16F7-4668-BE54-9A1E7A4F7556}") = "ConsoleApp", "cs\ConsoleApp\ConsoleApp.csproj", "{2DB86301-9C52-4638-A9E4-FF864CFBD022}"
EndProject
Project("{9A19103F-16F7-4668-BE54-9A1E7A4F7556}") = "Goke.Core.Tests", "cs\Goke.Core.Tests\Goke.Core.Tests.csproj", "{6E050C3C-8207-4E10-9FCB-A4DB2662FFB5}"
EndProject
Project("{2150E333-8FDC-42A3-9474-1A3956D46DE8}") = "Web", "Web", "{A2FD81CC-4AD4-4D01-8CCF-7B7CE67F278A}"
EndProject
Project("{9A19103F-16F7-4668-BE54-9A1E7A4F7556}") = "Goke.Web.UI", "web\Goke.Web.UI\Goke.Web.UI.csproj", "{9BB788CF-5E1C-4C91-B644-8FA61D96C91C}"
EndProject
Project("{9A19103F-16F7-4668-BE54-9A1E7A4F7556}") = "Goke.Web.Server", "web\Goke.Web.Server\Goke.Web.Server.csproj", "{321DCB64-F238-4FBC-98FC-B0A688247C9A}"
EndProject
Project("{9A19103F-16F7-4668-BE54-9A1E7A4F7556}") = "Goke.Web.ServerUI", "web\Goke.Web.ServerUI\Goke.Web.ServerUI.csproj", "{EE479E2E-5877-4CA6-99DA-8F43564B665C}"
EndProject
Project("{9A19103F-16F7-4668-BE54-9A1E7A4F7556}") = "Goke.Bible.Entities", "..\GokeApps\Goke.Bible.Entities\Goke.Bible.Entities.csproj", "{5EF1CCD0-6A2A-4964-875E-4A621F982869}"
EndProject
Project("{9A19103F-16F7-4668-BE54-9A1E7A4F7556}") = "Goke.Web.Shared", "..\GokeApps\Goke.Web.Shared\Goke.Web.Shared.csproj", "{1BCBE3CB-DD52-47F2-91FF-47D2B4453F40}"
EndProject
Project("{9A19103F-16F7-4668-BE54-9A1E7A4F7556}") = "Goke.Biomass", "..\GokeApps\Goke.Biomass\Goke.Biomass.csproj", "{9937FAD4-6A35-492F-90E4-2B737F4CD996}"
EndProject
Project("{9A19103F-16F7-4668-BE54-9A1E7A4F7556}") = "Goke.Calculator", "..\GokeApps\Goke.Calculator\Goke.Calculator.csproj", "{3E9610AB-028C-4D1F-93AC-E6747C6DB55D}"
EndProject
Project("{9A19103F-16F7-4668-BE54-9A1E7A4F7556}") = "Goke.Razor.Components", "..\GokeApps\Goke.Razor.Components\Goke.Razor.Components.csproj", "{42CD41D8-D7A4-47D9-9F03-5CF8E1C9CED2}"
EndProject
Project("{2150E333-8FDC-42A3-9474-1A3956D46DE8}") = "Lib", "Lib", "{DD268EE5-1010-4CFD-8C75-73F3263C8A3E}"
EndProject
Project("{9A19103F-16F7-4668-BE54-9A1E7A4F7556}") = "Goke.Core.Entities", "..\GokeApps\Goke.Core.Entities\Goke.Core.Entities.csproj", "{A00A0640-DF59-489A-AA74-1826AA9829E0}"
EndProject
Global
	GlobalSection(SolutionConfigurationPlatforms) = preSolution
		Debug|Any CPU = Debug|Any CPU
		Release|Any CPU = Release|Any CPU
	EndGlobalSection
	GlobalSection(ProjectConfigurationPlatforms) = postSolution
		{80E4616B-F2CE-4599-8D96-2F0F61A47DD7}.Debug|Any CPU.ActiveCfg = Debug|Any CPU
		{80E4616B-F2CE-4599-8D96-2F0F61A47DD7}.Debug|Any CPU.Build.0 = Debug|Any CPU
		{80E4616B-F2CE-4599-8D96-2F0F61A47DD7}.Release|Any CPU.ActiveCfg = Release|Any CPU
		{80E4616B-F2CE-4599-8D96-2F0F61A47DD7}.Release|Any CPU.Build.0 = Release|Any CPU
		{E2183BDE-2640-4672-A7BE-EC55436511F2}.Debug|Any CPU.ActiveCfg = Debug|Any CPU
		{E2183BDE-2640-4672-A7BE-EC55436511F2}.Debug|Any CPU.Build.0 = Debug|Any CPU
		{E2183BDE-2640-4672-A7BE-EC55436511F2}.Release|Any CPU.ActiveCfg = Release|Any CPU
		{E2183BDE-2640-4672-A7BE-EC55436511F2}.Release|Any CPU.Build.0 = Release|Any CPU
		{2DB86301-9C52-4638-A9E4-FF864CFBD022}.Debug|Any CPU.ActiveCfg = Debug|Any CPU
		{2DB86301-9C52-4638-A9E4-FF864CFBD022}.Debug|Any CPU.Build.0 = Debug|Any CPU
		{2DB86301-9C52-4638-A9E4-FF864CFBD022}.Release|Any CPU.ActiveCfg = Release|Any CPU
		{2DB86301-9C52-4638-A9E4-FF864CFBD022}.Release|Any CPU.Build.0 = Release|Any CPU
		{6E050C3C-8207-4E10-9FCB-A4DB2662FFB5}.Debug|Any CPU.ActiveCfg = Debug|Any CPU
		{6E050C3C-8207-4E10-9FCB-A4DB2662FFB5}.Debug|Any CPU.Build.0 = Debug|Any CPU
		{6E050C3C-8207-4E10-9FCB-A4DB2662FFB5}.Release|Any CPU.ActiveCfg = Release|Any CPU
		{6E050C3C-8207-4E10-9FCB-A4DB2662FFB5}.Release|Any CPU.Build.0 = Release|Any CPU
		{9BB788CF-5E1C-4C91-B644-8FA61D96C91C}.Debug|Any CPU.ActiveCfg = Debug|Any CPU
		{9BB788CF-5E1C-4C91-B644-8FA61D96C91C}.Debug|Any CPU.Build.0 = Debug|Any CPU
		{9BB788CF-5E1C-4C91-B644-8FA61D96C91C}.Release|Any CPU.ActiveCfg = Release|Any CPU
		{9BB788CF-5E1C-4C91-B644-8FA61D96C91C}.Release|Any CPU.Build.0 = Release|Any CPU
		{321DCB64-F238-4FBC-98FC-B0A688247C9A}.Debug|Any CPU.ActiveCfg = Debug|Any CPU
		{321DCB64-F238-4FBC-98FC-B0A688247C9A}.Debug|Any CPU.Build.0 = Debug|Any CPU
		{321DCB64-F238-4FBC-98FC-B0A688247C9A}.Release|Any CPU.ActiveCfg = Release|Any CPU
		{321DCB64-F238-4FBC-98FC-B0A688247C9A}.Release|Any CPU.Build.0 = Release|Any CPU
		{EE479E2E-5877-4CA6-99DA-8F43564B665C}.Debug|Any CPU.ActiveCfg = Debug|Any CPU
		{EE479E2E-5877-4CA6-99DA-8F43564B665C}.Debug|Any CPU.Build.0 = Debug|Any CPU
		{EE479E2E-5877-4CA6-99DA-8F43564B665C}.Release|Any CPU.ActiveCfg = Release|Any CPU
		{EE479E2E-5877-4CA6-99DA-8F43564B665C}.Release|Any CPU.Build.0 = Release|Any CPU
		{5EF1CCD0-6A2A-4964-875E-4A621F982869}.Debug|Any CPU.ActiveCfg = Debug|Any CPU
		{5EF1CCD0-6A2A-4964-875E-4A621F982869}.Debug|Any CPU.Build.0 = Debug|Any CPU
		{5EF1CCD0-6A2A-4964-875E-4A621F982869}.Release|Any CPU.ActiveCfg = Release|Any CPU
		{5EF1CCD0-6A2A-4964-875E-4A621F982869}.Release|Any CPU.Build.0 = Release|Any CPU
		{1BCBE3CB-DD52-47F2-91FF-47D2B4453F40}.Debug|Any CPU.ActiveCfg = Debug|Any CPU
		{1BCBE3CB-DD52-47F2-91FF-47D2B4453F40}.Debug|Any CPU.Build.0 = Debug|Any CPU
		{1BCBE3CB-DD52-47F2-91FF-47D2B4453F40}.Release|Any CPU.ActiveCfg = Release|Any CPU
		{1BCBE3CB-DD52-47F2-91FF-47D2B4453F40}.Release|Any CPU.Build.0 = Release|Any CPU
		{9937FAD4-6A35-492F-90E4-2B737F4CD996}.Debug|Any CPU.ActiveCfg = Debug|Any CPU
		{9937FAD4-6A35-492F-90E4-2B737F4CD996}.Debug|Any CPU.Build.0 = Debug|Any CPU
		{9937FAD4-6A35-492F-90E4-2B737F4CD996}.Release|Any CPU.ActiveCfg = Release|Any CPU
		{9937FAD4-6A35-492F-90E4-2B737F4CD996}.Release|Any CPU.Build.0 = Release|Any CPU
		{3E9610AB-028C-4D1F-93AC-E6747C6DB55D}.Debug|Any CPU.ActiveCfg = Debug|Any CPU
		{3E9610AB-028C-4D1F-93AC-E6747C6DB55D}.Debug|Any CPU.Build.0 = Debug|Any CPU
		{3E9610AB-028C-4D1F-93AC-E6747C6DB55D}.Release|Any CPU.ActiveCfg = Release|Any CPU
		{3E9610AB-028C-4D1F-93AC-E6747C6DB55D}.Release|Any CPU.Build.0 = Release|Any CPU
		{42CD41D8-D7A4-47D9-9F03-5CF8E1C9CED2}.Debug|Any CPU.ActiveCfg = Debug|Any CPU
		{42CD41D8-D7A4-47D9-9F03-5CF8E1C9CED2}.Debug|Any CPU.Build.0 = Debug|Any CPU
		{42CD41D8-D7A4-47D9-9F03-5CF8E1C9CED2}.Release|Any CPU.ActiveCfg = Release|Any CPU
		{42CD41D8-D7A4-47D9-9F03-5CF8E1C9CED2}.Release|Any CPU.Build.0 = Release|Any CPU
		{A00A0640-DF59-489A-AA74-1826AA9829E0}.Debug|Any CPU.ActiveCfg = Debug|Any CPU
		{A00A0640-DF59-489A-AA74-1826AA9829E0}.Debug|Any CPU.Build.0 = Debug|Any CPU
		{A00A0640-DF59-489A-AA74-1826AA9829E0}.Release|Any CPU.ActiveCfg = Release|Any CPU
		{A00A0640-DF59-489A-AA74-1826AA9829E0}.Release|Any CPU.Build.0 = Release|Any CPU
	EndGlobalSection
	GlobalSection(SolutionProperties) = preSolution
		HideSolutionNode = FALSE
	EndGlobalSection
	GlobalSection(NestedProjects) = preSolution
		{80E4616B-F2CE-4599-8D96-2F0F61A47DD7} = {54F6925A-76CC-4986-8319-13E8C123F32A}
		{E2183BDE-2640-4672-A7BE-EC55436511F2} = {54F6925A-76CC-4986-8319-13E8C123F32A}
		{2DB86301-9C52-4638-A9E4-FF864CFBD022} = {54F6925A-76CC-4986-8319-13E8C123F32A}
		{6E050C3C-8207-4E10-9FCB-A4DB2662FFB5} = {54F6925A-76CC-4986-8319-13E8C123F32A}
		{9BB788CF-5E1C-4C91-B644-8FA61D96C91C} = {A2FD81CC-4AD4-4D01-8CCF-7B7CE67F278A}
		{321DCB64-F238-4FBC-98FC-B0A688247C9A} = {A2FD81CC-4AD4-4D01-8CCF-7B7CE67F278A}
		{EE479E2E-5877-4CA6-99DA-8F43564B665C} = {A2FD81CC-4AD4-4D01-8CCF-7B7CE67F278A}
		{5EF1CCD0-6A2A-4964-875E-4A621F982869} = {DD268EE5-1010-4CFD-8C75-73F3263C8A3E}
		{1BCBE3CB-DD52-47F2-91FF-47D2B4453F40} = {DD268EE5-1010-4CFD-8C75-73F3263C8A3E}
		{9937FAD4-6A35-492F-90E4-2B737F4CD996} = {DD268EE5-1010-4CFD-8C75-73F3263C8A3E}
		{3E9610AB-028C-4D1F-93AC-E6747C6DB55D} = {DD268EE5-1010-4CFD-8C75-73F3263C8A3E}
		{42CD41D8-D7A4-47D9-9F03-5CF8E1C9CED2} = {DD268EE5-1010-4CFD-8C75-73F3263C8A3E}
		{A00A0640-DF59-489A-AA74-1826AA9829E0} = {DD268EE5-1010-4CFD-8C75-73F3263C8A3E}
	EndGlobalSection
	GlobalSection(ExtensibilityGlobals) = postSolution
		SolutionGuid = {91A7473D-F94E-4E36-BD80-F1A929B3B168}
	EndGlobalSection
EndGlobal
